syrox-lock-v3
hash sha256
project a7b513cea5bee58a0319423ae668e742d2a630421599684369b869a5e3ebc27e
main 246 a4936ff3ef7316ff4ebb83a9014a4cd400d1f09541fa68eb9f141291d268e404
inputs 1
input 636174616c6f67 6d6f64756c65733a72656369706573 4 6c0afffbf12005fa327255d60e90f1aa9a874dda8380fb741a9041fca8e8fa09
file 626f6f7473747261702e737278 980 752f80e788b338e52c54b415339d4d6792b8bb86dbb0923814dd48c612b15083
file 676c6962632e737278 804 87447ced1b4e28d073a0e87869d144b6984672e65e4edae52e653787295e9907
file 68656c6c6f2e737278 1479 ae8563c00e0930f86f669faf73300d2698607519498755f1e87e784d3ba2ab45
file 726b65322e737278 1036 1839979668fb2ef0052e27fd37ca0b4340e1ff15ae61488fcb5e237e00dccf29
std present 9 d277e7ce2a0ed7995405753f02b63840e4289be12206f8ff70d413f2af6f0b56
std-file 7374642f6275696c642e737278 2513 aeeae3373b2e22c62499fb8ce240dd08740b55e5d1bfd71fab2063cf3b150017
std-file 7374642f636174616c6f672e737278 1733 6fd700cfbcdcbb49829a07e15857678e03a9392ce07886749fb7431ec3c8d54d
std-file 7374642f636f6c6c656374696f6e732f6c6973742e737278 870 d7666d293abf238ca6f132fc9acf4f3bbe7e0a277653ed247a2c2beaa96e38f8
std-file 7374642f636f6c6c656374696f6e732f6d61702e737278 4062 3ce4b4ef13df3f5040f4b5031e3b2728a82d037b7299ef35300fd05e1b1d4c70
std-file 7374642f6d61696e2e737278 1174 24c9b1e8269dd48395bcf04b754c8cfa65297a09b35e78604d6902af6cfa39c8
std-file 7374642f6f7074696f6e2e737278 78 ba3ea235d88bad1b6a18d21657bfdaa2a71eb23e200a8d50f0909b49a3fbfc73
std-file 7374642f7061636b6167652e737278 752 39a7bae2c840141ea725c6dbb108c5558939f0a394838880354c029208475810
std-file 7374642f7265636970652e737278 991 02d24f8be89e74c5c1931ace3ce3a27a89049792729891b83c2b57a53714a0be
std-file 7374642f726573756c742e737278 81 7f2e882e249dbca52ddf59d00d5b24cff8f01b7e6d127f621735beb818f0a581
edges 0
assets 1
asset 6173736574732f626f6f7473747261702d676c6962632d686f73742d7838365f36342e7461722e677a 1157267 09bede497713ef311ca7e35a24942b67faaf2beaa879c74d39b4e48defdb4941
end
