syrox-lock-v3
hash sha256
project 333e18ceaf208ac2cc7a56f725b945e3dc54c4808e1de7fe8019f1dd3cfbc232
main 118 6d9be2a8608ab87cdc7c2eef7af6fdc89b5c354c8ae92ffd667a9c20de4a0c52
inputs 1
input 636174616c6f67 6d6f64756c65733a72656369706573 3 682538065415d08c2f246d89bb085da6bedc34b9cf50af10f5ffa4a6fc2fc523
file 626f6f7473747261702e737278 902 b2e403e7ec0654e74214bfd3d87fc32f7d9fc9b0588a6b126bfbf4c301825c81
file 676c6962632e737278 722 9b6920663f7ac650297cf6595c5b115ba23ceac50d13bbeda0c764a1ca96524c
file 68656c6c6f2e737278 1468 00809aecc26680aa8cdff0ec74bdbcc7de326809e9253ed36951a089df74d019
std present 7 4a39c6f5b4aba9ee1854af1022686cb4731df2e1d726c18ce4339ee9334ec654
std-file 7374642f6275696c642e737278 1570 3ac9b0877ac1fc291b99d655db9e9ecf8e08327ade4f93414023c73e3ef9aaf5
std-file 7374642f636f6c6c656374696f6e732f6c6973742e737278 870 d7666d293abf238ca6f132fc9acf4f3bbe7e0a277653ed247a2c2beaa96e38f8
std-file 7374642f636f6c6c656374696f6e732f6d61702e737278 4062 3ce4b4ef13df3f5040f4b5031e3b2728a82d037b7299ef35300fd05e1b1d4c70
std-file 7374642f6d61696e2e737278 883 58ac7620d7617da247d725564f516cc89812a3dd0d877aec382c875dd6458263
std-file 7374642f6f7074696f6e2e737278 78 ba3ea235d88bad1b6a18d21657bfdaa2a71eb23e200a8d50f0909b49a3fbfc73
std-file 7374642f7061636b6167652e737278 912 4fb42f5b25876353a9543a0a7af4742f0d5970515b8754abdd05c795fcdf4787
std-file 7374642f726573756c742e737278 81 7f2e882e249dbca52ddf59d00d5b24cff8f01b7e6d127f621735beb818f0a581
edges 0
assets 1
asset 6173736574732f626f6f7473747261702d676c6962632d686f73742d7838365f36342e7461722e677a 1157267 09bede497713ef311ca7e35a24942b67faaf2beaa879c74d39b4e48defdb4941
end
