syrox-lock
hash sha256
project cb34f3f150e68cb4e7ad7ca6f68ad6fe7bfbe3e7f1615e87c6fdd2e2b36013e0
main 988 cc68ae902352014c804f6ee203dfc7a6cddc64afff51612123b8f9cef21c4104
inputs 1
input 636174616c6f67 706174683a72656369706573 1 a7521351196a35e013449bace9d1b3d303870bb2cdec5ba873cff744fb773941
file 68656c6c6f2e737278 3160 9da802701d0a6522544bb4f03f19ecb9c875c6bf194dceb29af8be06b6db092d
std present 1 8f2db06f2bc59aabd3ee9be68e0cc47553cb66384ffb35f70e9258658a02db5d
std-file 7374642f706b672e737278 2650 6a8abbcf4fdcaef3ea654bebda7f13487452c4ed870a6a4aa11e3df4335ac5fb
end
